<?xml version="1.0" encoding="utf-8"?>
<Project ToolsVersion="4.0" xmlns="http://schemas.microsoft.com/developer/msbuild/2003">
  <ItemGroup>
    <Filter Include="Source Files">
      <UniqueIdentifier>{4FC737F1-C7A5-4376-A066-2A32D752A2FF}</UniqueIdentifier>
      <Extensions>cpp;c;cc;cxx;def;odl;idl;hpj;bat;asm;asmx</Extensions>
    </Filter>
    <Filter Include="Header Files">
      <UniqueIdentifier>{93995380-89BD-4b04-88EB-625FBE52EBFB}</UniqueIdentifier>
      <Extensions>h;hh;hpp;hxx;hm;inl;inc;xsd</Extensions>
    </Filter>
    <Filter Include="Resource Files">
      <UniqueIdentifier>{67DA6AB6-F800-4c08-8B7A-83BB121AAD01}</UniqueIdentifier>
      <Extensions>rc;ico;cur;bmp;dlg;rc2;rct;bin;rgs;gif;jpg;jpeg;jpe;resx;tiff;tif;png;wav;mfcribbon-ms</Extensions>
    </Filter>
    <Filter Include="Header Files\Core">
      <UniqueIdentifier>{46fe56bb-6fe2-427b-9ebb-0c9508f681cc}</UniqueIdentifier>
    </Filter>
    <Filter Include="Source Files\Core">
      <UniqueIdentifier>{ddc2ec69-2972-47ed-823a-f449c3a91a08}</UniqueIdentifier>
    </Filter>
    <Filter Include="Header Files\Renderer">
      <UniqueIdentifier>{0228596e-39b5-42de-b72f-7369439e4945}</UniqueIdentifier>
    </Filter>
    <Filter Include="Source Files\Renderer">
      <UniqueIdentifier>{48e6da23-c4eb-41c5-b86e-d4294f691565}</UniqueIdentifier>
    </Filter>
    <Filter Include="Header Files\Resource Types &amp; Management">
      <UniqueIdentifier>{12588dde-623f-4a16-8c15-5f0b42032863}</UniqueIdentifier>
    </Filter>
    <Filter Include="Source Files\Resource Types &amp; Management">
      <UniqueIdentifier>{0d7635fb-8eab-4a80-81a5-e1e2c1c638f4}</UniqueIdentifier>
    </Filter>
    <Filter Include="Header Files\Core\Macros &amp; Defines">
      <UniqueIdentifier>{d4424efe-898b-4cff-a616-60a5a44bfc4f}</UniqueIdentifier>
    </Filter>
    <Filter Include="Header Files\Core\RS Math">
      <UniqueIdentifier>{fa26a8d1-1212-4b96-ad63-028c1a34c4cf}</UniqueIdentifier>
    </Filter>
    <Filter Include="Header Files\Resource Types &amp; Management\Managers">
      <UniqueIdentifier>{e8aae2fd-fe19-4a4e-8d30-e417a703de5f}</UniqueIdentifier>
    </Filter>
    <Filter Include="Header Files\Game Components">
      <UniqueIdentifier>{20eaf630-0146-4140-8123-2a5f0da50d80}</UniqueIdentifier>
    </Filter>
    <Filter Include="Header Files\Camera &amp; Lighting">
      <UniqueIdentifier>{b31907be-fdad-4e0a-b5eb-a4bfed11b3c8}</UniqueIdentifier>
    </Filter>
    <Filter Include="Source Files\Camera &amp; Lighting">
      <UniqueIdentifier>{ccf99cb6-1dd7-4e5c-85d7-e7af9dba1dbb}</UniqueIdentifier>
    </Filter>
  </ItemGroup>
  <ItemGroup>
    <Text Include="ReadMe.txt" />
  </ItemGroup>
  <ItemGroup>
    <ClInclude Include="Timer.h">
      <Filter>Header Files\Core</Filter>
    </ClInclude>
    <ClInclude Include="Window.h">
      <Filter>Header Files\Core</Filter>
    </ClInclude>
    <ClInclude Include="DRE_typedef.h">
      <Filter>Header Files\Core\Macros &amp; Defines</Filter>
    </ClInclude>
    <ClInclude Include="DRE_defines.h">
      <Filter>Header Files\Core\Macros &amp; Defines</Filter>
    </ClInclude>
    <ClInclude Include="AbstractRenderer.h">
      <Filter>Header Files\Renderer</Filter>
    </ClInclude>
    <ClInclude Include="OpenGLRenderer.h">
      <Filter>Header Files\Renderer</Filter>
    </ClInclude>
    <ClInclude Include="GameEngine.h">
      <Filter>Header Files\Core</Filter>
    </ClInclude>
    <ClInclude Include="RS Math\EulerAngle.h">
      <Filter>Header Files\Core\RS Math</Filter>
    </ClInclude>
    <ClInclude Include="RS Math\Matrix2D.h">
      <Filter>Header Files\Core\RS Math</Filter>
    </ClInclude>
    <ClInclude Include="RS Math\Matrix3D.h">
      <Filter>Header Files\Core\RS Math</Filter>
    </ClInclude>
    <ClInclude Include="RS Math\Matrix4D.h">
      <Filter>Header Files\Core\RS Math</Filter>
    </ClInclude>
    <ClInclude Include="RS Math\Plane.h">
      <Filter>Header Files\Core\RS Math</Filter>
    </ClInclude>
    <ClInclude Include="RS Math\Quaternion.h">
      <Filter>Header Files\Core\RS Math</Filter>
    </ClInclude>
    <ClInclude Include="RS Math\Ray.h">
      <Filter>Header Files\Core\RS Math</Filter>
    </ClInclude>
    <ClInclude Include="RS Math\Rect.h">
      <Filter>Header Files\Core\RS Math</Filter>
    </ClInclude>
    <ClInclude Include="RS Math\RS_MATH_DEF.h">
      <Filter>Header Files\Core\RS Math</Filter>
    </ClInclude>
    <ClInclude Include="RS Math\RS_Math_Engine.h">
      <Filter>Header Files\Core\RS Math</Filter>
    </ClInclude>
    <ClInclude Include="RS Math\Vec2.h">
      <Filter>Header Files\Core\RS Math</Filter>
    </ClInclude>
    <ClInclude Include="RS Math\Vec3.h">
      <Filter>Header Files\Core\RS Math</Filter>
    </ClInclude>
    <ClInclude Include="RS Math\Vec4.h">
      <Filter>Header Files\Core\RS Math</Filter>
    </ClInclude>
    <ClInclude Include="Mesh.h">
      <Filter>Header Files\Resource Types &amp; Management</Filter>
    </ClInclude>
    <ClInclude Include="Colour.h">
      <Filter>Header Files\Renderer</Filter>
    </ClInclude>
    <ClInclude Include="Vertex.h">
      <Filter>Header Files\Resource Types &amp; Management</Filter>
    </ClInclude>
    <ClInclude Include="ResourceManager.h">
      <Filter>Header Files\Resource Types &amp; Management\Managers</Filter>
    </ClInclude>
    <ClInclude Include="ModelManager.h">
      <Filter>Header Files\Resource Types &amp; Management\Managers</Filter>
    </ClInclude>
    <ClInclude Include="TextureManager.h">
      <Filter>Header Files\Resource Types &amp; Management\Managers</Filter>
    </ClInclude>
    <ClInclude Include="MaterialManager.h">
      <Filter>Header Files\Resource Types &amp; Management\Managers</Filter>
    </ClInclude>
    <ClInclude Include="LogManager.h">
      <Filter>Header Files\Core</Filter>
    </ClInclude>
    <ClInclude Include="Transform.hpp">
      <Filter>Header Files\Game Components</Filter>
    </ClInclude>
    <ClInclude Include="Camera.h">
      <Filter>Header Files\Camera &amp; Lighting</Filter>
    </ClInclude>
    <ClInclude Include="Frustrum.h">
      <Filter>Header Files\Camera &amp; Lighting</Filter>
    </ClInclude>
  </ItemGroup>
  <ItemGroup>
    <ClCompile Include="Timer.cpp">
      <Filter>Source Files\Core</Filter>
    </ClCompile>
    <ClCompile Include="Window.cpp">
      <Filter>Source Files\Core</Filter>
    </ClCompile>
    <ClCompile Include="OpenGLRenderer.cpp">
      <Filter>Source Files\Renderer</Filter>
    </ClCompile>
    <ClCompile Include="ResourceManager.cpp">
      <Filter>Source Files\Resource Types &amp; Management</Filter>
    </ClCompile>
    <ClCompile Include="ModelManager.cpp">
      <Filter>Source Files\Resource Types &amp; Management</Filter>
    </ClCompile>
    <ClCompile Include="TextureManager.cpp">
      <Filter>Source Files\Resource Types &amp; Management</Filter>
    </ClCompile>
    <ClCompile Include="MaterialManager.cpp">
      <Filter>Source Files\Resource Types &amp; Management</Filter>
    </ClCompile>
    <ClCompile Include="Camera.cpp">
      <Filter>Source Files\Camera &amp; Lighting</Filter>
    </ClCompile>
    <ClCompile Include="Frustrum.cpp">
      <Filter>Source Files\Camera &amp; Lighting</Filter>
    </ClCompile>
  </ItemGroup>
</Project>